
Microsoft Visual Studio Solution File, Format Version 12.00
# Visual Studio Version 17
VisualStudioVersion = 17.2.32616.157
MinimumVisualStudioVersion = 10.0.40219.1
Project("{9A19103F-16F7-4668-BE54-9A1E7A4F7556}") = "Encrypt, Sort and Print Array", "Encrypt, Sort and Print Array\Encrypt, Sort and Print Array.csproj", "{C282FCF7-290B-4BC2-8843-27D60B837ECE}"
EndProject
Project("{9A19103F-16F7-4668-BE54-9A1E7A4F7556}") = "Pacal  Triangle", "Pacal  Triangle\Pacal  Triangle.csproj", "{5439FAA0-CBA4-4196-B083-D1842AB6168C}"
EndProject
Project("{FAE04EC0-301F-11D3-BF4B-00C04F79EFBC}") = "ConsoleApp1", "ConsoleApp1\ConsoleApp1.csproj", "{5A0E3434-6042-4E04-B471-A6A9FC3EF310}"
EndProject
Global
	GlobalSection(SolutionConfigurationPlatforms) = preSolution
		Debug|Any CPU = Debug|Any CPU
		Release|Any CPU = Release|Any CPU
	EndGlobalSection
	GlobalSection(ProjectConfigurationPlatforms) = postSolution
		{C282FCF7-290B-4BC2-8843-27D60B837ECE}.Debug|Any CPU.ActiveCfg = Debug|Any CPU
		{C282FCF7-290B-4BC2-8843-27D60B837ECE}.Debug|Any CPU.Build.0 = Debug|Any CPU
		{C282FCF7-290B-4BC2-8843-27D60B837ECE}.Release|Any CPU.ActiveCfg = Release|Any CPU
		{C282FCF7-290B-4BC2-8843-27D60B837ECE}.Release|Any CPU.Build.0 = Release|Any CPU
		{5439FAA0-CBA4-4196-B083-D1842AB6168C}.Debug|Any CPU.ActiveCfg = Debug|Any CPU
		{5439FAA0-CBA4-4196-B083-D1842AB6168C}.Debug|Any CPU.Build.0 = Debug|Any CPU
		{5439FAA0-CBA4-4196-B083-D1842AB6168C}.Release|Any CPU.ActiveCfg = Release|Any CPU
		{5439FAA0-CBA4-4196-B083-D1842AB6168C}.Release|Any CPU.Build.0 = Release|Any CPU
		{5A0E3434-6042-4E04-B471-A6A9FC3EF310}.Debug|Any CPU.ActiveCfg = Debug|Any CPU
		{5A0E3434-6042-4E04-B471-A6A9FC3EF310}.Debug|Any CPU.Build.0 = Debug|Any CPU
		{5A0E3434-6042-4E04-B471-A6A9FC3EF310}.Release|Any CPU.ActiveCfg = Release|Any CPU
		{5A0E3434-6042-4E04-B471-A6A9FC3EF310}.Release|Any CPU.Build.0 = Release|Any CPU
	EndGlobalSection
	GlobalSection(SolutionProperties) = preSolution
		HideSolutionNode = FALSE
	EndGlobalSection
	GlobalSection(ExtensibilityGlobals) = postSolution
		SolutionGuid = {916DFADE-F6C1-4133-9C46-5F74D4DE7388}
	EndGlobalSection
EndGlobal
